
Microsoft Visual Studio Solution File, Format Version 12.00
# Visual Studio Version 17
VisualStudioVersion = 17.6.33829.357
MinimumVisualStudioVersion = 10.0.40219.1
Project("{FAE04EC0-301F-11D3-BF4B-00C04F79EFBC}") = "Desafio1", "Desafio1.csproj", "{F866EA9A-2123-489C-8CAB-A8827EE430F3}"
EndProject
Global
	GlobalSection(SolutionConfigurationPlatforms) = preSolution
		Debug|Any CPU = Debug|Any CPU
		Release|Any CPU = Release|Any CPU
	EndGlobalSection
	GlobalSection(ProjectConfigurationPlatforms) = postSolution
		{F866EA9A-2123-489C-8CAB-A8827EE430F3}.Debug|Any CPU.ActiveCfg = Debug|Any CPU
		{F866EA9A-2123-489C-8CAB-A8827EE430F3}.Debug|Any CPU.Build.0 = Debug|Any CPU
		{F866EA9A-2123-489C-8CAB-A8827EE430F3}.Release|Any CPU.ActiveCfg = Release|Any CPU
		{F866EA9A-2123-489C-8CAB-A8827EE430F3}.Release|Any CPU.Build.0 = Release|Any CPU
	EndGlobalSection
	GlobalSection(SolutionProperties) = preSolution
		HideSolutionNode = FALSE
	EndGlobalSection
	GlobalSection(ExtensibilityGlobals) = postSolution
		SolutionGuid = {5D6EE6B2-5F38-41EA-974A-7A4B8D11ABC8}
	EndGlobalSection
EndGlobal
